
Microsoft Visual Studio Solution File, Format Version 12.00
# Visual Studio Version 16
VisualStudioVersion = 16.0.29728.190
MinimumVisualStudioVersion = 15.0.26124.0
Project("{2150E333-8FDC-42A3-9474-1A3956D46DE8}") = "src", "src", "{80041DBE-47F5-44A8-9D50-093C0A7CB7BD}"
EndProject
Project("{9A19103F-16F7-4668-BE54-9A1E7A4F7556}") = "Quilt", "src\Quilt\Quilt.csproj", "{73A5FC3C-A1D3-4BC9-BEC3-83BF3DFE491E}"
EndProject
Project("{2150E333-8FDC-42A3-9474-1A3956D46DE8}") = "examples", "examples", "{5EAE8417-0DF7-4820-81B5-850DABE5AA99}"
EndProject
Project("{9A19103F-16F7-4668-BE54-9A1E7A4F7556}") = "Window", "examples\Window\Window.csproj", "{D3E01E50-7AB3-4F2A-BB00-04887339ED65}"
EndProject
Project("{9A19103F-16F7-4668-BE54-9A1E7A4F7556}") = "Quilt.Unmanaged", "src\Quilt.Unmanaged\Quilt.Unmanaged.csproj", "{AD9574EA-9E92-4248-8098-0483DE1575FA}"
EndProject
Project("{9A19103F-16F7-4668-BE54-9A1E7A4F7556}") = "Quilt.GLFW", "src\Quilt.GLFW\Quilt.GLFW.csproj", "{5B8835EA-7806-448B-B1CD-E8E24E1D5620}"
EndProject
Project("{9A19103F-16F7-4668-BE54-9A1E7A4F7556}") = "Quilt.GL", "src\Quilt.GL\Quilt.GL.csproj", "{8BE3A750-0ADF-4390-B4A9-F40DC9EB01C7}"
EndProject
Project("{FAE04EC0-301F-11D3-BF4B-00C04F79EFBC}") = "Quilt.VG", "src\Quilt.VG\Quilt.VG.csproj", "{A8B3E053-9C6D-480B-B7DC-A3B8C72E1679}"
EndProject
Global
	GlobalSection(SolutionConfigurationPlatforms) = preSolution
		Debug|Any CPU = Debug|Any CPU
		Debug|x64 = Debug|x64
		Debug|x86 = Debug|x86
		Release|Any CPU = Release|Any CPU
		Release|x64 = Release|x64
		Release|x86 = Release|x86
	EndGlobalSection
	GlobalSection(ProjectConfigurationPlatforms) = postSolution
		{73A5FC3C-A1D3-4BC9-BEC3-83BF3DFE491E}.Debug|Any CPU.ActiveCfg = Debug|Any CPU
		{73A5FC3C-A1D3-4BC9-BEC3-83BF3DFE491E}.Debug|Any CPU.Build.0 = Debug|Any CPU
		{73A5FC3C-A1D3-4BC9-BEC3-83BF3DFE491E}.Debug|x64.ActiveCfg = Debug|Any CPU
		{73A5FC3C-A1D3-4BC9-BEC3-83BF3DFE491E}.Debug|x64.Build.0 = Debug|Any CPU
		{73A5FC3C-A1D3-4BC9-BEC3-83BF3DFE491E}.Debug|x86.ActiveCfg = Debug|Any CPU
		{73A5FC3C-A1D3-4BC9-BEC3-83BF3DFE491E}.Debug|x86.Build.0 = Debug|Any CPU
		{73A5FC3C-A1D3-4BC9-BEC3-83BF3DFE491E}.Release|Any CPU.ActiveCfg = Release|Any CPU
		{73A5FC3C-A1D3-4BC9-BEC3-83BF3DFE491E}.Release|Any CPU.Build.0 = Release|Any CPU
		{73A5FC3C-A1D3-4BC9-BEC3-83BF3DFE491E}.Release|x64.ActiveCfg = Release|Any CPU
		{73A5FC3C-A1D3-4BC9-BEC3-83BF3DFE491E}.Release|x64.Build.0 = Release|Any CPU
		{73A5FC3C-A1D3-4BC9-BEC3-83BF3DFE491E}.Release|x86.ActiveCfg = Release|Any CPU
		{73A5FC3C-A1D3-4BC9-BEC3-83BF3DFE491E}.Release|x86.Build.0 = Release|Any CPU
		{D3E01E50-7AB3-4F2A-BB00-04887339ED65}.Debug|Any CPU.ActiveCfg = Debug|Any CPU
		{D3E01E50-7AB3-4F2A-BB00-04887339ED65}.Debug|Any CPU.Build.0 = Debug|Any CPU
		{D3E01E50-7AB3-4F2A-BB00-04887339ED65}.Debug|x64.ActiveCfg = Debug|Any CPU
		{D3E01E50-7AB3-4F2A-BB00-04887339ED65}.Debug|x64.Build.0 = Debug|Any CPU
		{D3E01E50-7AB3-4F2A-BB00-04887339ED65}.Debug|x86.ActiveCfg = Debug|Any CPU
		{D3E01E50-7AB3-4F2A-BB00-04887339ED65}.Debug|x86.Build.0 = Debug|Any CPU
		{D3E01E50-7AB3-4F2A-BB00-04887339ED65}.Release|Any CPU.ActiveCfg = Release|Any CPU
		{D3E01E50-7AB3-4F2A-BB00-04887339ED65}.Release|Any CPU.Build.0 = Release|Any CPU
		{D3E01E50-7AB3-4F2A-BB00-04887339ED65}.Release|x64.ActiveCfg = Release|Any CPU
		{D3E01E50-7AB3-4F2A-BB00-04887339ED65}.Release|x64.Build.0 = Release|Any CPU
		{D3E01E50-7AB3-4F2A-BB00-04887339ED65}.Release|x86.ActiveCfg = Release|Any CPU
		{D3E01E50-7AB3-4F2A-BB00-04887339ED65}.Release|x86.Build.0 = Release|Any CPU
		{AD9574EA-9E92-4248-8098-0483DE1575FA}.Debug|Any CPU.ActiveCfg = Debug|Any CPU
		{AD9574EA-9E92-4248-8098-0483DE1575FA}.Debug|Any CPU.Build.0 = Debug|Any CPU
		{AD9574EA-9E92-4248-8098-0483DE1575FA}.Debug|x64.ActiveCfg = Debug|Any CPU
		{AD9574EA-9E92-4248-8098-0483DE1575FA}.Debug|x64.Build.0 = Debug|Any CPU
		{AD9574EA-9E92-4248-8098-0483DE1575FA}.Debug|x86.ActiveCfg = Debug|Any CPU
		{AD9574EA-9E92-4248-8098-0483DE1575FA}.Debug|x86.Build.0 = Debug|Any CPU
		{AD9574EA-9E92-4248-8098-0483DE1575FA}.Release|Any CPU.ActiveCfg = Release|Any CPU
		{AD9574EA-9E92-4248-8098-0483DE1575FA}.Release|Any CPU.Build.0 = Release|Any CPU
		{AD9574EA-9E92-4248-8098-0483DE1575FA}.Release|x64.ActiveCfg = Release|Any CPU
		{AD9574EA-9E92-4248-8098-0483DE1575FA}.Release|x64.Build.0 = Release|Any CPU
		{AD9574EA-9E92-4248-8098-0483DE1575FA}.Release|x86.ActiveCfg = Release|Any CPU
		{AD9574EA-9E92-4248-8098-0483DE1575FA}.Release|x86.Build.0 = Release|Any CPU
		{5B8835EA-7806-448B-B1CD-E8E24E1D5620}.Debug|Any CPU.ActiveCfg = Debug|Any CPU
		{5B8835EA-7806-448B-B1CD-E8E24E1D5620}.Debug|Any CPU.Build.0 = Debug|Any CPU
		{5B8835EA-7806-448B-B1CD-E8E24E1D5620}.Debug|x64.ActiveCfg = Debug|Any CPU
		{5B8835EA-7806-448B-B1CD-E8E24E1D5620}.Debug|x64.Build.0 = Debug|Any CPU
		{5B8835EA-7806-448B-B1CD-E8E24E1D5620}.Debug|x86.ActiveCfg = Debug|Any CPU
		{5B8835EA-7806-448B-B1CD-E8E24E1D5620}.Debug|x86.Build.0 = Debug|Any CPU
		{5B8835EA-7806-448B-B1CD-E8E24E1D5620}.Release|Any CPU.ActiveCfg = Release|Any CPU
		{5B8835EA-7806-448B-B1CD-E8E24E1D5620}.Release|Any CPU.Build.0 = Release|Any CPU
		{5B8835EA-7806-448B-B1CD-E8E24E1D5620}.Release|x64.ActiveCfg = Release|Any CPU
		{5B8835EA-7806-448B-B1CD-E8E24E1D5620}.Release|x64.Build.0 = Release|Any CPU
		{5B8835EA-7806-448B-B1CD-E8E24E1D5620}.Release|x86.ActiveCfg = Release|Any CPU
		{5B8835EA-7806-448B-B1CD-E8E24E1D5620}.Release|x86.Build.0 = Release|Any CPU
		{8BE3A750-0ADF-4390-B4A9-F40DC9EB01C7}.Debug|Any CPU.ActiveCfg = Debug|Any CPU
		{8BE3A750-0ADF-4390-B4A9-F40DC9EB01C7}.Debug|Any CPU.Build.0 = Debug|Any CPU
		{8BE3A750-0ADF-4390-B4A9-F40DC9EB01C7}.Debug|x64.ActiveCfg = Debug|Any CPU
		{8BE3A750-0ADF-4390-B4A9-F40DC9EB01C7}.Debug|x64.Build.0 = Debug|Any CPU
		{8BE3A750-0ADF-4390-B4A9-F40DC9EB01C7}.Debug|x86.ActiveCfg = Debug|Any CPU
		{8BE3A750-0ADF-4390-B4A9-F40DC9EB01C7}.Debug|x86.Build.0 = Debug|Any CPU
		{8BE3A750-0ADF-4390-B4A9-F40DC9EB01C7}.Release|Any CPU.ActiveCfg = Release|Any CPU
		{8BE3A750-0ADF-4390-B4A9-F40DC9EB01C7}.Release|Any CPU.Build.0 = Release|Any CPU
		{8BE3A750-0ADF-4390-B4A9-F40DC9EB01C7}.Release|x64.ActiveCfg = Release|Any CPU
		{8BE3A750-0ADF-4390-B4A9-F40DC9EB01C7}.Release|x64.Build.0 = Release|Any CPU
		{8BE3A750-0ADF-4390-B4A9-F40DC9EB01C7}.Release|x86.ActiveCfg = Release|Any CPU
		{8BE3A750-0ADF-4390-B4A9-F40DC9EB01C7}.Release|x86.Build.0 = Release|Any CPU
		{A8B3E053-9C6D-480B-B7DC-A3B8C72E1679}.Debug|Any CPU.ActiveCfg = Debug|Any CPU
		{A8B3E053-9C6D-480B-B7DC-A3B8C72E1679}.Debug|Any CPU.Build.0 = Debug|Any CPU
		{A8B3E053-9C6D-480B-B7DC-A3B8C72E1679}.Debug|x64.ActiveCfg = Debug|Any CPU
		{A8B3E053-9C6D-480B-B7DC-A3B8C72E1679}.Debug|x64.Build.0 = Debug|Any CPU
		{A8B3E053-9C6D-480B-B7DC-A3B8C72E1679}.Debug|x86.ActiveCfg = Debug|Any CPU
		{A8B3E053-9C6D-480B-B7DC-A3B8C72E1679}.Debug|x86.Build.0 = Debug|Any CPU
		{A8B3E053-9C6D-480B-B7DC-A3B8C72E1679}.Release|Any CPU.ActiveCfg = Release|Any CPU
		{A8B3E053-9C6D-480B-B7DC-A3B8C72E1679}.Release|Any CPU.Build.0 = Release|Any CPU
		{A8B3E053-9C6D-480B-B7DC-A3B8C72E1679}.Release|x64.ActiveCfg = Release|Any CPU
		{A8B3E053-9C6D-480B-B7DC-A3B8C72E1679}.Release|x64.Build.0 = Release|Any CPU
		{A8B3E053-9C6D-480B-B7DC-A3B8C72E1679}.Release|x86.ActiveCfg = Release|Any CPU
		{A8B3E053-9C6D-480B-B7DC-A3B8C72E1679}.Release|x86.Build.0 = Release|Any CPU
	EndGlobalSection
	GlobalSection(SolutionProperties) = preSolution
		HideSolutionNode = FALSE
	EndGlobalSection
	GlobalSection(NestedProjects) = preSolution
		{73A5FC3C-A1D3-4BC9-BEC3-83BF3DFE491E} = {80041DBE-47F5-44A8-9D50-093C0A7CB7BD}
		{D3E01E50-7AB3-4F2A-BB00-04887339ED65} = {5EAE8417-0DF7-4820-81B5-850DABE5AA99}
		{AD9574EA-9E92-4248-8098-0483DE1575FA} = {80041DBE-47F5-44A8-9D50-093C0A7CB7BD}
		{5B8835EA-7806-448B-B1CD-E8E24E1D5620} = {80041DBE-47F5-44A8-9D50-093C0A7CB7BD}
		{8BE3A750-0ADF-4390-B4A9-F40DC9EB01C7} = {80041DBE-47F5-44A8-9D50-093C0A7CB7BD}
		{A8B3E053-9C6D-480B-B7DC-A3B8C72E1679} = {80041DBE-47F5-44A8-9D50-093C0A7CB7BD}
	EndGlobalSection
	GlobalSection(ExtensibilityGlobals) = postSolution
		SolutionGuid = {B71F2F78-F1CC-4B4D-B2A2-1CF675748EB7}
	EndGlobalSection
EndGlobal
