
Microsoft Visual Studio Solution File, Format Version 12.00
# Visual Studio 15
VisualStudioVersion = 15.0.26124.0
MinimumVisualStudioVersion = 15.0.26124.0
Project("{2150E333-8FDC-42A3-9474-1A3956D46DE8}") = "src", "src", "{80041DBE-47F5-44A8-9D50-093C0A7CB7BD}"
EndProject
Project("{FAE04EC0-301F-11D3-BF4B-00C04F79EFBC}") = "Quilt", "src\Quilt\Quilt.csproj", "{73A5FC3C-A1D3-4BC9-BEC3-83BF3DFE491E}"
EndProject
Project("{FAE04EC0-301F-11D3-BF4B-00C04F79EFBC}") = "Quilt.GL", "src\Quilt.GL\Quilt.GL.csproj", "{CFF0EF15-99B8-4DF5-A081-E2320DF80C3E}"
EndProject
Project("{FAE04EC0-301F-11D3-BF4B-00C04F79EFBC}") = "Quilt.Interop", "src\Quilt.Interop\Quilt.Interop.csproj", "{158349E6-33D3-43A9-8170-7A4A16E13C28}"
EndProject
Global
	GlobalSection(SolutionConfigurationPlatforms) = preSolution
		Debug|Any CPU = Debug|Any CPU
		Debug|x64 = Debug|x64
		Debug|x86 = Debug|x86
		Release|Any CPU = Release|Any CPU
		Release|x64 = Release|x64
		Release|x86 = Release|x86
	EndGlobalSection
	GlobalSection(SolutionProperties) = preSolution
		HideSolutionNode = FALSE
	EndGlobalSection
	GlobalSection(ProjectConfigurationPlatforms) = postSolution
		{73A5FC3C-A1D3-4BC9-BEC3-83BF3DFE491E}.Debug|Any CPU.ActiveCfg = Debug|Any CPU
		{73A5FC3C-A1D3-4BC9-BEC3-83BF3DFE491E}.Debug|Any CPU.Build.0 = Debug|Any CPU
		{73A5FC3C-A1D3-4BC9-BEC3-83BF3DFE491E}.Debug|x64.ActiveCfg = Debug|Any CPU
		{73A5FC3C-A1D3-4BC9-BEC3-83BF3DFE491E}.Debug|x64.Build.0 = Debug|Any CPU
		{73A5FC3C-A1D3-4BC9-BEC3-83BF3DFE491E}.Debug|x86.ActiveCfg = Debug|Any CPU
		{73A5FC3C-A1D3-4BC9-BEC3-83BF3DFE491E}.Debug|x86.Build.0 = Debug|Any CPU
		{73A5FC3C-A1D3-4BC9-BEC3-83BF3DFE491E}.Release|Any CPU.ActiveCfg = Release|Any CPU
		{73A5FC3C-A1D3-4BC9-BEC3-83BF3DFE491E}.Release|Any CPU.Build.0 = Release|Any CPU
		{73A5FC3C-A1D3-4BC9-BEC3-83BF3DFE491E}.Release|x64.ActiveCfg = Release|Any CPU
		{73A5FC3C-A1D3-4BC9-BEC3-83BF3DFE491E}.Release|x64.Build.0 = Release|Any CPU
		{73A5FC3C-A1D3-4BC9-BEC3-83BF3DFE491E}.Release|x86.ActiveCfg = Release|Any CPU
		{73A5FC3C-A1D3-4BC9-BEC3-83BF3DFE491E}.Release|x86.Build.0 = Release|Any CPU
		{CFF0EF15-99B8-4DF5-A081-E2320DF80C3E}.Debug|Any CPU.ActiveCfg = Debug|Any CPU
		{CFF0EF15-99B8-4DF5-A081-E2320DF80C3E}.Debug|Any CPU.Build.0 = Debug|Any CPU
		{CFF0EF15-99B8-4DF5-A081-E2320DF80C3E}.Debug|x64.ActiveCfg = Debug|Any CPU
		{CFF0EF15-99B8-4DF5-A081-E2320DF80C3E}.Debug|x64.Build.0 = Debug|Any CPU
		{CFF0EF15-99B8-4DF5-A081-E2320DF80C3E}.Debug|x86.ActiveCfg = Debug|Any CPU
		{CFF0EF15-99B8-4DF5-A081-E2320DF80C3E}.Debug|x86.Build.0 = Debug|Any CPU
		{CFF0EF15-99B8-4DF5-A081-E2320DF80C3E}.Release|Any CPU.ActiveCfg = Release|Any CPU
		{CFF0EF15-99B8-4DF5-A081-E2320DF80C3E}.Release|Any CPU.Build.0 = Release|Any CPU
		{CFF0EF15-99B8-4DF5-A081-E2320DF80C3E}.Release|x64.ActiveCfg = Release|Any CPU
		{CFF0EF15-99B8-4DF5-A081-E2320DF80C3E}.Release|x64.Build.0 = Release|Any CPU
		{CFF0EF15-99B8-4DF5-A081-E2320DF80C3E}.Release|x86.ActiveCfg = Release|Any CPU
		{CFF0EF15-99B8-4DF5-A081-E2320DF80C3E}.Release|x86.Build.0 = Release|Any CPU
		{158349E6-33D3-43A9-8170-7A4A16E13C28}.Debug|Any CPU.ActiveCfg = Debug|Any CPU
		{158349E6-33D3-43A9-8170-7A4A16E13C28}.Debug|Any CPU.Build.0 = Debug|Any CPU
		{158349E6-33D3-43A9-8170-7A4A16E13C28}.Debug|x64.ActiveCfg = Debug|Any CPU
		{158349E6-33D3-43A9-8170-7A4A16E13C28}.Debug|x64.Build.0 = Debug|Any CPU
		{158349E6-33D3-43A9-8170-7A4A16E13C28}.Debug|x86.ActiveCfg = Debug|Any CPU
		{158349E6-33D3-43A9-8170-7A4A16E13C28}.Debug|x86.Build.0 = Debug|Any CPU
		{158349E6-33D3-43A9-8170-7A4A16E13C28}.Release|Any CPU.ActiveCfg = Release|Any CPU
		{158349E6-33D3-43A9-8170-7A4A16E13C28}.Release|Any CPU.Build.0 = Release|Any CPU
		{158349E6-33D3-43A9-8170-7A4A16E13C28}.Release|x64.ActiveCfg = Release|Any CPU
		{158349E6-33D3-43A9-8170-7A4A16E13C28}.Release|x64.Build.0 = Release|Any CPU
		{158349E6-33D3-43A9-8170-7A4A16E13C28}.Release|x86.ActiveCfg = Release|Any CPU
		{158349E6-33D3-43A9-8170-7A4A16E13C28}.Release|x86.Build.0 = Release|Any CPU
	EndGlobalSection
	GlobalSection(NestedProjects) = preSolution
		{73A5FC3C-A1D3-4BC9-BEC3-83BF3DFE491E} = {80041DBE-47F5-44A8-9D50-093C0A7CB7BD}
		{CFF0EF15-99B8-4DF5-A081-E2320DF80C3E} = {80041DBE-47F5-44A8-9D50-093C0A7CB7BD}
		{158349E6-33D3-43A9-8170-7A4A16E13C28} = {80041DBE-47F5-44A8-9D50-093C0A7CB7BD}
	EndGlobalSection
EndGlobal
