
Microsoft Visual Studio Solution File, Format Version 12.00
# Visual Studio Version 16
VisualStudioVersion = 16.0.29728.190
MinimumVisualStudioVersion = 15.0.26124.0
Project("{2150E333-8FDC-42A3-9474-1A3956D46DE8}") = "src", "src", "{80041DBE-47F5-44A8-9D50-093C0A7CB7BD}"
EndProject
Project("{9A19103F-16F7-4668-BE54-9A1E7A4F7556}") = "Quilt", "src\Quilt\Quilt.csproj", "{73A5FC3C-A1D3-4BC9-BEC3-83BF3DFE491E}"
EndProject
Project("{2150E333-8FDC-42A3-9474-1A3956D46DE8}") = "examples", "examples", "{5EAE8417-0DF7-4820-81B5-850DABE5AA99}"
EndProject
Project("{9A19103F-16F7-4668-BE54-9A1E7A4F7556}") = "Window", "examples\Window\Window.csproj", "{D3E01E50-7AB3-4F2A-BB00-04887339ED65}"
EndProject
Project("{9A19103F-16F7-4668-BE54-9A1E7A4F7556}") = "Quilt.Unmanaged", "src\Quilt.Unmanaged\Quilt.Unmanaged.csproj", "{AD9574EA-9E92-4248-8098-0483DE1575FA}"
EndProject
Project("{9A19103F-16F7-4668-BE54-9A1E7A4F7556}") = "Quilt.GLFW", "src\Quilt.GLFW\Quilt.GLFW.csproj", "{5B8835EA-7806-448B-B1CD-E8E24E1D5620}"
EndProject
Project("{9A19103F-16F7-4668-BE54-9A1E7A4F7556}") = "Quilt.GL", "src\Quilt.GL\Quilt.GL.csproj", "{8BE3A750-0ADF-4390-B4A9-F40DC9EB01C7}"
EndProject
Project("{9A19103F-16F7-4668-BE54-9A1E7A4F7556}") = "Quilt.VG", "src\Quilt.VG\Quilt.VG.csproj", "{A8B3E053-9C6D-480B-B7DC-A3B8C72E1679}"
EndProject
Project("{9A19103F-16F7-4668-BE54-9A1E7A4F7556}") = "Quilt.Collections", "src\Quilt.Collections\Quilt.Collections.csproj", "{888D4956-F99A-43B3-8F69-D23773CFE844}"
EndProject
Project("{2150E333-8FDC-42A3-9474-1A3956D46DE8}") = "tests", "tests", "{D0495B70-F655-493D-9651-597368474726}"
EndProject
Project("{9A19103F-16F7-4668-BE54-9A1E7A4F7556}") = "Quilt.VG.Tests", "tests\Quilt.VG.Tests\Quilt.VG.Tests.csproj", "{3B9BB343-44FE-4988-A393-1CFA8A542672}"
EndProject
Project("{9A19103F-16F7-4668-BE54-9A1E7A4F7556}") = "Quilt.Typography", "src\Quilt.Typography\Quilt.Typography.csproj", "{B4C64D94-865F-4BFB-A410-3DD59C755AA7}"
EndProject
Project("{9A19103F-16F7-4668-BE54-9A1E7A4F7556}") = "Quilt.Mac", "src\Quilt.Mac\Quilt.Mac.csproj", "{F858922D-7651-4C4C-A656-41DD44123672}"
EndProject
Project("{9A19103F-16F7-4668-BE54-9A1E7A4F7556}") = "Quilt.Utilities", "src\Quilt.Utilities\Quilt.Utilities.csproj", "{A0BCF97A-4B80-4FC7-B3F4-0943DA9F535E}"
EndProject
Project("{9A19103F-16F7-4668-BE54-9A1E7A4F7556}") = "Quilt.UI", "src\Quilt.UI\Quilt.UI.csproj", "{09B35828-DCA8-4A84-9124-4D0B58E373EF}"
EndProject
Project("{9A19103F-16F7-4668-BE54-9A1E7A4F7556}") = "Quilt.Graphics.Metal", "src\Quilt.Graphics.Metal\Quilt.Graphics.Metal.csproj", "{C6316F2C-1888-486D-805E-CB8A01CA685D}"
EndProject
Project("{9A19103F-16F7-4668-BE54-9A1E7A4F7556}") = "Quilt.Graphics", "src\Quilt.Graphics\Quilt.Graphics.csproj", "{B4830B5B-D940-41A0-AA45-ED3EBEE4B62E}"
EndProject
Project("{9A19103F-16F7-4668-BE54-9A1E7A4F7556}") = "Quilt.Graphics.OpenGL", "src\Quilt.Graphics.OpenGL\Quilt.Graphics.OpenGL.csproj", "{68AEC537-907C-4145-9843-A21AA851A9B0}"
EndProject
Project("{9A19103F-16F7-4668-BE54-9A1E7A4F7556}") = "Quilt.Graphics.OpenGL.Mac", "src\Quilt.Graphics.OpenGL.Mac\Quilt.Graphics.OpenGL.Mac.csproj", "{BE3EF67E-3887-437E-A1DA-BB2E159F4190}"
EndProject
Project("{9A19103F-16F7-4668-BE54-9A1E7A4F7556}") = "Quilt.UI.Cocoa", "src\Quilt.UI.Cocoa\Quilt.UI.Cocoa.csproj", "{F9066723-199E-4E4A-9DB0-0BEA62CFD34E}"
EndProject
Project("{9A19103F-16F7-4668-BE54-9A1E7A4F7556}") = "Quilt.Abstractions", "src\Quilt.Abstractions\Quilt.Abstractions.csproj", "{80E23205-642A-4CDA-A019-632C0DD92E78}"
EndProject
Project("{FAE04EC0-301F-11D3-BF4B-00C04F79EFBC}") = "Launcher", "src\Launcher\Launcher.csproj", "{A55BD95D-EC70-4B0C-A177-CD58EE6EC49E}"
EndProject
Global
	GlobalSection(SolutionConfigurationPlatforms) = preSolution
		Debug|Any CPU = Debug|Any CPU
		Debug|x64 = Debug|x64
		Debug|x86 = Debug|x86
		Release|Any CPU = Release|Any CPU
		Release|x64 = Release|x64
		Release|x86 = Release|x86
	EndGlobalSection
	GlobalSection(ProjectConfigurationPlatforms) = postSolution
		{73A5FC3C-A1D3-4BC9-BEC3-83BF3DFE491E}.Debug|Any CPU.ActiveCfg = Debug|Any CPU
		{73A5FC3C-A1D3-4BC9-BEC3-83BF3DFE491E}.Debug|Any CPU.Build.0 = Debug|Any CPU
		{73A5FC3C-A1D3-4BC9-BEC3-83BF3DFE491E}.Debug|x64.ActiveCfg = Debug|Any CPU
		{73A5FC3C-A1D3-4BC9-BEC3-83BF3DFE491E}.Debug|x64.Build.0 = Debug|Any CPU
		{73A5FC3C-A1D3-4BC9-BEC3-83BF3DFE491E}.Debug|x86.ActiveCfg = Debug|Any CPU
		{73A5FC3C-A1D3-4BC9-BEC3-83BF3DFE491E}.Debug|x86.Build.0 = Debug|Any CPU
		{73A5FC3C-A1D3-4BC9-BEC3-83BF3DFE491E}.Release|Any CPU.ActiveCfg = Release|Any CPU
		{73A5FC3C-A1D3-4BC9-BEC3-83BF3DFE491E}.Release|Any CPU.Build.0 = Release|Any CPU
		{73A5FC3C-A1D3-4BC9-BEC3-83BF3DFE491E}.Release|x64.ActiveCfg = Release|Any CPU
		{73A5FC3C-A1D3-4BC9-BEC3-83BF3DFE491E}.Release|x64.Build.0 = Release|Any CPU
		{73A5FC3C-A1D3-4BC9-BEC3-83BF3DFE491E}.Release|x86.ActiveCfg = Release|Any CPU
		{73A5FC3C-A1D3-4BC9-BEC3-83BF3DFE491E}.Release|x86.Build.0 = Release|Any CPU
		{D3E01E50-7AB3-4F2A-BB00-04887339ED65}.Debug|Any CPU.ActiveCfg = Debug|Any CPU
		{D3E01E50-7AB3-4F2A-BB00-04887339ED65}.Debug|Any CPU.Build.0 = Debug|Any CPU
		{D3E01E50-7AB3-4F2A-BB00-04887339ED65}.Debug|x64.ActiveCfg = Debug|Any CPU
		{D3E01E50-7AB3-4F2A-BB00-04887339ED65}.Debug|x64.Build.0 = Debug|Any CPU
		{D3E01E50-7AB3-4F2A-BB00-04887339ED65}.Debug|x86.ActiveCfg = Debug|Any CPU
		{D3E01E50-7AB3-4F2A-BB00-04887339ED65}.Debug|x86.Build.0 = Debug|Any CPU
		{D3E01E50-7AB3-4F2A-BB00-04887339ED65}.Release|Any CPU.ActiveCfg = Release|Any CPU
		{D3E01E50-7AB3-4F2A-BB00-04887339ED65}.Release|Any CPU.Build.0 = Release|Any CPU
		{D3E01E50-7AB3-4F2A-BB00-04887339ED65}.Release|x64.ActiveCfg = Release|Any CPU
		{D3E01E50-7AB3-4F2A-BB00-04887339ED65}.Release|x64.Build.0 = Release|Any CPU
		{D3E01E50-7AB3-4F2A-BB00-04887339ED65}.Release|x86.ActiveCfg = Release|Any CPU
		{D3E01E50-7AB3-4F2A-BB00-04887339ED65}.Release|x86.Build.0 = Release|Any CPU
		{AD9574EA-9E92-4248-8098-0483DE1575FA}.Debug|Any CPU.ActiveCfg = Debug|Any CPU
		{AD9574EA-9E92-4248-8098-0483DE1575FA}.Debug|Any CPU.Build.0 = Debug|Any CPU
		{AD9574EA-9E92-4248-8098-0483DE1575FA}.Debug|x64.ActiveCfg = Debug|Any CPU
		{AD9574EA-9E92-4248-8098-0483DE1575FA}.Debug|x64.Build.0 = Debug|Any CPU
		{AD9574EA-9E92-4248-8098-0483DE1575FA}.Debug|x86.ActiveCfg = Debug|Any CPU
		{AD9574EA-9E92-4248-8098-0483DE1575FA}.Debug|x86.Build.0 = Debug|Any CPU
		{AD9574EA-9E92-4248-8098-0483DE1575FA}.Release|Any CPU.ActiveCfg = Release|Any CPU
		{AD9574EA-9E92-4248-8098-0483DE1575FA}.Release|Any CPU.Build.0 = Release|Any CPU
		{AD9574EA-9E92-4248-8098-0483DE1575FA}.Release|x64.ActiveCfg = Release|Any CPU
		{AD9574EA-9E92-4248-8098-0483DE1575FA}.Release|x64.Build.0 = Release|Any CPU
		{AD9574EA-9E92-4248-8098-0483DE1575FA}.Release|x86.ActiveCfg = Release|Any CPU
		{AD9574EA-9E92-4248-8098-0483DE1575FA}.Release|x86.Build.0 = Release|Any CPU
		{5B8835EA-7806-448B-B1CD-E8E24E1D5620}.Debug|Any CPU.ActiveCfg = Debug|Any CPU
		{5B8835EA-7806-448B-B1CD-E8E24E1D5620}.Debug|Any CPU.Build.0 = Debug|Any CPU
		{5B8835EA-7806-448B-B1CD-E8E24E1D5620}.Debug|x64.ActiveCfg = Debug|Any CPU
		{5B8835EA-7806-448B-B1CD-E8E24E1D5620}.Debug|x64.Build.0 = Debug|Any CPU
		{5B8835EA-7806-448B-B1CD-E8E24E1D5620}.Debug|x86.ActiveCfg = Debug|Any CPU
		{5B8835EA-7806-448B-B1CD-E8E24E1D5620}.Debug|x86.Build.0 = Debug|Any CPU
		{5B8835EA-7806-448B-B1CD-E8E24E1D5620}.Release|Any CPU.ActiveCfg = Release|Any CPU
		{5B8835EA-7806-448B-B1CD-E8E24E1D5620}.Release|Any CPU.Build.0 = Release|Any CPU
		{5B8835EA-7806-448B-B1CD-E8E24E1D5620}.Release|x64.ActiveCfg = Release|Any CPU
		{5B8835EA-7806-448B-B1CD-E8E24E1D5620}.Release|x64.Build.0 = Release|Any CPU
		{5B8835EA-7806-448B-B1CD-E8E24E1D5620}.Release|x86.ActiveCfg = Release|Any CPU
		{5B8835EA-7806-448B-B1CD-E8E24E1D5620}.Release|x86.Build.0 = Release|Any CPU
		{8BE3A750-0ADF-4390-B4A9-F40DC9EB01C7}.Debug|Any CPU.ActiveCfg = Debug|Any CPU
		{8BE3A750-0ADF-4390-B4A9-F40DC9EB01C7}.Debug|Any CPU.Build.0 = Debug|Any CPU
		{8BE3A750-0ADF-4390-B4A9-F40DC9EB01C7}.Debug|x64.ActiveCfg = Debug|Any CPU
		{8BE3A750-0ADF-4390-B4A9-F40DC9EB01C7}.Debug|x64.Build.0 = Debug|Any CPU
		{8BE3A750-0ADF-4390-B4A9-F40DC9EB01C7}.Debug|x86.ActiveCfg = Debug|Any CPU
		{8BE3A750-0ADF-4390-B4A9-F40DC9EB01C7}.Debug|x86.Build.0 = Debug|Any CPU
		{8BE3A750-0ADF-4390-B4A9-F40DC9EB01C7}.Release|Any CPU.ActiveCfg = Release|Any CPU
		{8BE3A750-0ADF-4390-B4A9-F40DC9EB01C7}.Release|Any CPU.Build.0 = Release|Any CPU
		{8BE3A750-0ADF-4390-B4A9-F40DC9EB01C7}.Release|x64.ActiveCfg = Release|Any CPU
		{8BE3A750-0ADF-4390-B4A9-F40DC9EB01C7}.Release|x64.Build.0 = Release|Any CPU
		{8BE3A750-0ADF-4390-B4A9-F40DC9EB01C7}.Release|x86.ActiveCfg = Release|Any CPU
		{8BE3A750-0ADF-4390-B4A9-F40DC9EB01C7}.Release|x86.Build.0 = Release|Any CPU
		{A8B3E053-9C6D-480B-B7DC-A3B8C72E1679}.Debug|Any CPU.ActiveCfg = Debug|Any CPU
		{A8B3E053-9C6D-480B-B7DC-A3B8C72E1679}.Debug|Any CPU.Build.0 = Debug|Any CPU
		{A8B3E053-9C6D-480B-B7DC-A3B8C72E1679}.Debug|x64.ActiveCfg = Debug|Any CPU
		{A8B3E053-9C6D-480B-B7DC-A3B8C72E1679}.Debug|x64.Build.0 = Debug|Any CPU
		{A8B3E053-9C6D-480B-B7DC-A3B8C72E1679}.Debug|x86.ActiveCfg = Debug|Any CPU
		{A8B3E053-9C6D-480B-B7DC-A3B8C72E1679}.Debug|x86.Build.0 = Debug|Any CPU
		{A8B3E053-9C6D-480B-B7DC-A3B8C72E1679}.Release|Any CPU.ActiveCfg = Release|Any CPU
		{A8B3E053-9C6D-480B-B7DC-A3B8C72E1679}.Release|Any CPU.Build.0 = Release|Any CPU
		{A8B3E053-9C6D-480B-B7DC-A3B8C72E1679}.Release|x64.ActiveCfg = Release|Any CPU
		{A8B3E053-9C6D-480B-B7DC-A3B8C72E1679}.Release|x64.Build.0 = Release|Any CPU
		{A8B3E053-9C6D-480B-B7DC-A3B8C72E1679}.Release|x86.ActiveCfg = Release|Any CPU
		{A8B3E053-9C6D-480B-B7DC-A3B8C72E1679}.Release|x86.Build.0 = Release|Any CPU
		{888D4956-F99A-43B3-8F69-D23773CFE844}.Debug|Any CPU.ActiveCfg = Debug|Any CPU
		{888D4956-F99A-43B3-8F69-D23773CFE844}.Debug|Any CPU.Build.0 = Debug|Any CPU
		{888D4956-F99A-43B3-8F69-D23773CFE844}.Debug|x64.ActiveCfg = Debug|Any CPU
		{888D4956-F99A-43B3-8F69-D23773CFE844}.Debug|x64.Build.0 = Debug|Any CPU
		{888D4956-F99A-43B3-8F69-D23773CFE844}.Debug|x86.ActiveCfg = Debug|Any CPU
		{888D4956-F99A-43B3-8F69-D23773CFE844}.Debug|x86.Build.0 = Debug|Any CPU
		{888D4956-F99A-43B3-8F69-D23773CFE844}.Release|Any CPU.ActiveCfg = Release|Any CPU
		{888D4956-F99A-43B3-8F69-D23773CFE844}.Release|Any CPU.Build.0 = Release|Any CPU
		{888D4956-F99A-43B3-8F69-D23773CFE844}.Release|x64.ActiveCfg = Release|Any CPU
		{888D4956-F99A-43B3-8F69-D23773CFE844}.Release|x64.Build.0 = Release|Any CPU
		{888D4956-F99A-43B3-8F69-D23773CFE844}.Release|x86.ActiveCfg = Release|Any CPU
		{888D4956-F99A-43B3-8F69-D23773CFE844}.Release|x86.Build.0 = Release|Any CPU
		{3B9BB343-44FE-4988-A393-1CFA8A542672}.Debug|Any CPU.ActiveCfg = Debug|Any CPU
		{3B9BB343-44FE-4988-A393-1CFA8A542672}.Debug|Any CPU.Build.0 = Debug|Any CPU
		{3B9BB343-44FE-4988-A393-1CFA8A542672}.Debug|x64.ActiveCfg = Debug|Any CPU
		{3B9BB343-44FE-4988-A393-1CFA8A542672}.Debug|x64.Build.0 = Debug|Any CPU
		{3B9BB343-44FE-4988-A393-1CFA8A542672}.Debug|x86.ActiveCfg = Debug|Any CPU
		{3B9BB343-44FE-4988-A393-1CFA8A542672}.Debug|x86.Build.0 = Debug|Any CPU
		{3B9BB343-44FE-4988-A393-1CFA8A542672}.Release|Any CPU.ActiveCfg = Release|Any CPU
		{3B9BB343-44FE-4988-A393-1CFA8A542672}.Release|Any CPU.Build.0 = Release|Any CPU
		{3B9BB343-44FE-4988-A393-1CFA8A542672}.Release|x64.ActiveCfg = Release|Any CPU
		{3B9BB343-44FE-4988-A393-1CFA8A542672}.Release|x64.Build.0 = Release|Any CPU
		{3B9BB343-44FE-4988-A393-1CFA8A542672}.Release|x86.ActiveCfg = Release|Any CPU
		{3B9BB343-44FE-4988-A393-1CFA8A542672}.Release|x86.Build.0 = Release|Any CPU
		{B4C64D94-865F-4BFB-A410-3DD59C755AA7}.Debug|Any CPU.ActiveCfg = Debug|Any CPU
		{B4C64D94-865F-4BFB-A410-3DD59C755AA7}.Debug|Any CPU.Build.0 = Debug|Any CPU
		{B4C64D94-865F-4BFB-A410-3DD59C755AA7}.Debug|x64.ActiveCfg = Debug|Any CPU
		{B4C64D94-865F-4BFB-A410-3DD59C755AA7}.Debug|x64.Build.0 = Debug|Any CPU
		{B4C64D94-865F-4BFB-A410-3DD59C755AA7}.Debug|x86.ActiveCfg = Debug|Any CPU
		{B4C64D94-865F-4BFB-A410-3DD59C755AA7}.Debug|x86.Build.0 = Debug|Any CPU
		{B4C64D94-865F-4BFB-A410-3DD59C755AA7}.Release|Any CPU.ActiveCfg = Release|Any CPU
		{B4C64D94-865F-4BFB-A410-3DD59C755AA7}.Release|Any CPU.Build.0 = Release|Any CPU
		{B4C64D94-865F-4BFB-A410-3DD59C755AA7}.Release|x64.ActiveCfg = Release|Any CPU
		{B4C64D94-865F-4BFB-A410-3DD59C755AA7}.Release|x64.Build.0 = Release|Any CPU
		{B4C64D94-865F-4BFB-A410-3DD59C755AA7}.Release|x86.ActiveCfg = Release|Any CPU
		{B4C64D94-865F-4BFB-A410-3DD59C755AA7}.Release|x86.Build.0 = Release|Any CPU
		{F858922D-7651-4C4C-A656-41DD44123672}.Debug|Any CPU.ActiveCfg = Debug|Any CPU
		{F858922D-7651-4C4C-A656-41DD44123672}.Debug|Any CPU.Build.0 = Debug|Any CPU
		{F858922D-7651-4C4C-A656-41DD44123672}.Debug|x64.ActiveCfg = Debug|Any CPU
		{F858922D-7651-4C4C-A656-41DD44123672}.Debug|x64.Build.0 = Debug|Any CPU
		{F858922D-7651-4C4C-A656-41DD44123672}.Debug|x86.ActiveCfg = Debug|Any CPU
		{F858922D-7651-4C4C-A656-41DD44123672}.Debug|x86.Build.0 = Debug|Any CPU
		{F858922D-7651-4C4C-A656-41DD44123672}.Release|Any CPU.ActiveCfg = Release|Any CPU
		{F858922D-7651-4C4C-A656-41DD44123672}.Release|Any CPU.Build.0 = Release|Any CPU
		{F858922D-7651-4C4C-A656-41DD44123672}.Release|x64.ActiveCfg = Release|Any CPU
		{F858922D-7651-4C4C-A656-41DD44123672}.Release|x64.Build.0 = Release|Any CPU
		{F858922D-7651-4C4C-A656-41DD44123672}.Release|x86.ActiveCfg = Release|Any CPU
		{F858922D-7651-4C4C-A656-41DD44123672}.Release|x86.Build.0 = Release|Any CPU
		{A0BCF97A-4B80-4FC7-B3F4-0943DA9F535E}.Debug|Any CPU.ActiveCfg = Debug|Any CPU
		{A0BCF97A-4B80-4FC7-B3F4-0943DA9F535E}.Debug|Any CPU.Build.0 = Debug|Any CPU
		{A0BCF97A-4B80-4FC7-B3F4-0943DA9F535E}.Debug|x64.ActiveCfg = Debug|Any CPU
		{A0BCF97A-4B80-4FC7-B3F4-0943DA9F535E}.Debug|x64.Build.0 = Debug|Any CPU
		{A0BCF97A-4B80-4FC7-B3F4-0943DA9F535E}.Debug|x86.ActiveCfg = Debug|Any CPU
		{A0BCF97A-4B80-4FC7-B3F4-0943DA9F535E}.Debug|x86.Build.0 = Debug|Any CPU
		{A0BCF97A-4B80-4FC7-B3F4-0943DA9F535E}.Release|Any CPU.ActiveCfg = Release|Any CPU
		{A0BCF97A-4B80-4FC7-B3F4-0943DA9F535E}.Release|Any CPU.Build.0 = Release|Any CPU
		{A0BCF97A-4B80-4FC7-B3F4-0943DA9F535E}.Release|x64.ActiveCfg = Release|Any CPU
		{A0BCF97A-4B80-4FC7-B3F4-0943DA9F535E}.Release|x64.Build.0 = Release|Any CPU
		{A0BCF97A-4B80-4FC7-B3F4-0943DA9F535E}.Release|x86.ActiveCfg = Release|Any CPU
		{A0BCF97A-4B80-4FC7-B3F4-0943DA9F535E}.Release|x86.Build.0 = Release|Any CPU
		{09B35828-DCA8-4A84-9124-4D0B58E373EF}.Debug|Any CPU.ActiveCfg = Debug|Any CPU
		{09B35828-DCA8-4A84-9124-4D0B58E373EF}.Debug|Any CPU.Build.0 = Debug|Any CPU
		{09B35828-DCA8-4A84-9124-4D0B58E373EF}.Debug|x64.ActiveCfg = Debug|Any CPU
		{09B35828-DCA8-4A84-9124-4D0B58E373EF}.Debug|x64.Build.0 = Debug|Any CPU
		{09B35828-DCA8-4A84-9124-4D0B58E373EF}.Debug|x86.ActiveCfg = Debug|Any CPU
		{09B35828-DCA8-4A84-9124-4D0B58E373EF}.Debug|x86.Build.0 = Debug|Any CPU
		{09B35828-DCA8-4A84-9124-4D0B58E373EF}.Release|Any CPU.ActiveCfg = Release|Any CPU
		{09B35828-DCA8-4A84-9124-4D0B58E373EF}.Release|Any CPU.Build.0 = Release|Any CPU
		{09B35828-DCA8-4A84-9124-4D0B58E373EF}.Release|x64.ActiveCfg = Release|Any CPU
		{09B35828-DCA8-4A84-9124-4D0B58E373EF}.Release|x64.Build.0 = Release|Any CPU
		{09B35828-DCA8-4A84-9124-4D0B58E373EF}.Release|x86.ActiveCfg = Release|Any CPU
		{09B35828-DCA8-4A84-9124-4D0B58E373EF}.Release|x86.Build.0 = Release|Any CPU
		{C6316F2C-1888-486D-805E-CB8A01CA685D}.Debug|Any CPU.ActiveCfg = Debug|Any CPU
		{C6316F2C-1888-486D-805E-CB8A01CA685D}.Debug|Any CPU.Build.0 = Debug|Any CPU
		{C6316F2C-1888-486D-805E-CB8A01CA685D}.Debug|x64.ActiveCfg = Debug|Any CPU
		{C6316F2C-1888-486D-805E-CB8A01CA685D}.Debug|x64.Build.0 = Debug|Any CPU
		{C6316F2C-1888-486D-805E-CB8A01CA685D}.Debug|x86.ActiveCfg = Debug|Any CPU
		{C6316F2C-1888-486D-805E-CB8A01CA685D}.Debug|x86.Build.0 = Debug|Any CPU
		{C6316F2C-1888-486D-805E-CB8A01CA685D}.Release|Any CPU.ActiveCfg = Release|Any CPU
		{C6316F2C-1888-486D-805E-CB8A01CA685D}.Release|Any CPU.Build.0 = Release|Any CPU
		{C6316F2C-1888-486D-805E-CB8A01CA685D}.Release|x64.ActiveCfg = Release|Any CPU
		{C6316F2C-1888-486D-805E-CB8A01CA685D}.Release|x64.Build.0 = Release|Any CPU
		{C6316F2C-1888-486D-805E-CB8A01CA685D}.Release|x86.ActiveCfg = Release|Any CPU
		{C6316F2C-1888-486D-805E-CB8A01CA685D}.Release|x86.Build.0 = Release|Any CPU
		{B4830B5B-D940-41A0-AA45-ED3EBEE4B62E}.Debug|Any CPU.ActiveCfg = Debug|Any CPU
		{B4830B5B-D940-41A0-AA45-ED3EBEE4B62E}.Debug|Any CPU.Build.0 = Debug|Any CPU
		{B4830B5B-D940-41A0-AA45-ED3EBEE4B62E}.Debug|x64.ActiveCfg = Debug|Any CPU
		{B4830B5B-D940-41A0-AA45-ED3EBEE4B62E}.Debug|x64.Build.0 = Debug|Any CPU
		{B4830B5B-D940-41A0-AA45-ED3EBEE4B62E}.Debug|x86.ActiveCfg = Debug|Any CPU
		{B4830B5B-D940-41A0-AA45-ED3EBEE4B62E}.Debug|x86.Build.0 = Debug|Any CPU
		{B4830B5B-D940-41A0-AA45-ED3EBEE4B62E}.Release|Any CPU.ActiveCfg = Release|Any CPU
		{B4830B5B-D940-41A0-AA45-ED3EBEE4B62E}.Release|Any CPU.Build.0 = Release|Any CPU
		{B4830B5B-D940-41A0-AA45-ED3EBEE4B62E}.Release|x64.ActiveCfg = Release|Any CPU
		{B4830B5B-D940-41A0-AA45-ED3EBEE4B62E}.Release|x64.Build.0 = Release|Any CPU
		{B4830B5B-D940-41A0-AA45-ED3EBEE4B62E}.Release|x86.ActiveCfg = Release|Any CPU
		{B4830B5B-D940-41A0-AA45-ED3EBEE4B62E}.Release|x86.Build.0 = Release|Any CPU
		{68AEC537-907C-4145-9843-A21AA851A9B0}.Debug|Any CPU.ActiveCfg = Debug|Any CPU
		{68AEC537-907C-4145-9843-A21AA851A9B0}.Debug|Any CPU.Build.0 = Debug|Any CPU
		{68AEC537-907C-4145-9843-A21AA851A9B0}.Debug|x64.ActiveCfg = Debug|Any CPU
		{68AEC537-907C-4145-9843-A21AA851A9B0}.Debug|x64.Build.0 = Debug|Any CPU
		{68AEC537-907C-4145-9843-A21AA851A9B0}.Debug|x86.ActiveCfg = Debug|Any CPU
		{68AEC537-907C-4145-9843-A21AA851A9B0}.Debug|x86.Build.0 = Debug|Any CPU
		{68AEC537-907C-4145-9843-A21AA851A9B0}.Release|Any CPU.ActiveCfg = Release|Any CPU
		{68AEC537-907C-4145-9843-A21AA851A9B0}.Release|Any CPU.Build.0 = Release|Any CPU
		{68AEC537-907C-4145-9843-A21AA851A9B0}.Release|x64.ActiveCfg = Release|Any CPU
		{68AEC537-907C-4145-9843-A21AA851A9B0}.Release|x64.Build.0 = Release|Any CPU
		{68AEC537-907C-4145-9843-A21AA851A9B0}.Release|x86.ActiveCfg = Release|Any CPU
		{68AEC537-907C-4145-9843-A21AA851A9B0}.Release|x86.Build.0 = Release|Any CPU
		{BE3EF67E-3887-437E-A1DA-BB2E159F4190}.Debug|Any CPU.ActiveCfg = Debug|Any CPU
		{BE3EF67E-3887-437E-A1DA-BB2E159F4190}.Debug|Any CPU.Build.0 = Debug|Any CPU
		{BE3EF67E-3887-437E-A1DA-BB2E159F4190}.Debug|x64.ActiveCfg = Debug|Any CPU
		{BE3EF67E-3887-437E-A1DA-BB2E159F4190}.Debug|x64.Build.0 = Debug|Any CPU
		{BE3EF67E-3887-437E-A1DA-BB2E159F4190}.Debug|x86.ActiveCfg = Debug|Any CPU
		{BE3EF67E-3887-437E-A1DA-BB2E159F4190}.Debug|x86.Build.0 = Debug|Any CPU
		{BE3EF67E-3887-437E-A1DA-BB2E159F4190}.Release|Any CPU.ActiveCfg = Release|Any CPU
		{BE3EF67E-3887-437E-A1DA-BB2E159F4190}.Release|Any CPU.Build.0 = Release|Any CPU
		{BE3EF67E-3887-437E-A1DA-BB2E159F4190}.Release|x64.ActiveCfg = Release|Any CPU
		{BE3EF67E-3887-437E-A1DA-BB2E159F4190}.Release|x64.Build.0 = Release|Any CPU
		{BE3EF67E-3887-437E-A1DA-BB2E159F4190}.Release|x86.ActiveCfg = Release|Any CPU
		{BE3EF67E-3887-437E-A1DA-BB2E159F4190}.Release|x86.Build.0 = Release|Any CPU
		{F9066723-199E-4E4A-9DB0-0BEA62CFD34E}.Debug|Any CPU.ActiveCfg = Debug|Any CPU
		{F9066723-199E-4E4A-9DB0-0BEA62CFD34E}.Debug|Any CPU.Build.0 = Debug|Any CPU
		{F9066723-199E-4E4A-9DB0-0BEA62CFD34E}.Debug|x64.ActiveCfg = Debug|Any CPU
		{F9066723-199E-4E4A-9DB0-0BEA62CFD34E}.Debug|x64.Build.0 = Debug|Any CPU
		{F9066723-199E-4E4A-9DB0-0BEA62CFD34E}.Debug|x86.ActiveCfg = Debug|Any CPU
		{F9066723-199E-4E4A-9DB0-0BEA62CFD34E}.Debug|x86.Build.0 = Debug|Any CPU
		{F9066723-199E-4E4A-9DB0-0BEA62CFD34E}.Release|Any CPU.ActiveCfg = Release|Any CPU
		{F9066723-199E-4E4A-9DB0-0BEA62CFD34E}.Release|Any CPU.Build.0 = Release|Any CPU
		{F9066723-199E-4E4A-9DB0-0BEA62CFD34E}.Release|x64.ActiveCfg = Release|Any CPU
		{F9066723-199E-4E4A-9DB0-0BEA62CFD34E}.Release|x64.Build.0 = Release|Any CPU
		{F9066723-199E-4E4A-9DB0-0BEA62CFD34E}.Release|x86.ActiveCfg = Release|Any CPU
		{F9066723-199E-4E4A-9DB0-0BEA62CFD34E}.Release|x86.Build.0 = Release|Any CPU
		{80E23205-642A-4CDA-A019-632C0DD92E78}.Debug|Any CPU.ActiveCfg = Debug|Any CPU
		{80E23205-642A-4CDA-A019-632C0DD92E78}.Debug|Any CPU.Build.0 = Debug|Any CPU
		{80E23205-642A-4CDA-A019-632C0DD92E78}.Debug|x64.ActiveCfg = Debug|Any CPU
		{80E23205-642A-4CDA-A019-632C0DD92E78}.Debug|x64.Build.0 = Debug|Any CPU
		{80E23205-642A-4CDA-A019-632C0DD92E78}.Debug|x86.ActiveCfg = Debug|Any CPU
		{80E23205-642A-4CDA-A019-632C0DD92E78}.Debug|x86.Build.0 = Debug|Any CPU
		{80E23205-642A-4CDA-A019-632C0DD92E78}.Release|Any CPU.ActiveCfg = Release|Any CPU
		{80E23205-642A-4CDA-A019-632C0DD92E78}.Release|Any CPU.Build.0 = Release|Any CPU
		{80E23205-642A-4CDA-A019-632C0DD92E78}.Release|x64.ActiveCfg = Release|Any CPU
		{80E23205-642A-4CDA-A019-632C0DD92E78}.Release|x64.Build.0 = Release|Any CPU
		{80E23205-642A-4CDA-A019-632C0DD92E78}.Release|x86.ActiveCfg = Release|Any CPU
		{80E23205-642A-4CDA-A019-632C0DD92E78}.Release|x86.Build.0 = Release|Any CPU
		{A55BD95D-EC70-4B0C-A177-CD58EE6EC49E}.Debug|Any CPU.ActiveCfg = Debug|Any CPU
		{A55BD95D-EC70-4B0C-A177-CD58EE6EC49E}.Debug|Any CPU.Build.0 = Debug|Any CPU
		{A55BD95D-EC70-4B0C-A177-CD58EE6EC49E}.Debug|x64.ActiveCfg = Debug|Any CPU
		{A55BD95D-EC70-4B0C-A177-CD58EE6EC49E}.Debug|x64.Build.0 = Debug|Any CPU
		{A55BD95D-EC70-4B0C-A177-CD58EE6EC49E}.Debug|x86.ActiveCfg = Debug|Any CPU
		{A55BD95D-EC70-4B0C-A177-CD58EE6EC49E}.Debug|x86.Build.0 = Debug|Any CPU
		{A55BD95D-EC70-4B0C-A177-CD58EE6EC49E}.Release|Any CPU.ActiveCfg = Release|Any CPU
		{A55BD95D-EC70-4B0C-A177-CD58EE6EC49E}.Release|Any CPU.Build.0 = Release|Any CPU
		{A55BD95D-EC70-4B0C-A177-CD58EE6EC49E}.Release|x64.ActiveCfg = Release|Any CPU
		{A55BD95D-EC70-4B0C-A177-CD58EE6EC49E}.Release|x64.Build.0 = Release|Any CPU
		{A55BD95D-EC70-4B0C-A177-CD58EE6EC49E}.Release|x86.ActiveCfg = Release|Any CPU
		{A55BD95D-EC70-4B0C-A177-CD58EE6EC49E}.Release|x86.Build.0 = Release|Any CPU
	EndGlobalSection
	GlobalSection(SolutionProperties) = preSolution
		HideSolutionNode = FALSE
	EndGlobalSection
	GlobalSection(NestedProjects) = preSolution
		{73A5FC3C-A1D3-4BC9-BEC3-83BF3DFE491E} = {80041DBE-47F5-44A8-9D50-093C0A7CB7BD}
		{D3E01E50-7AB3-4F2A-BB00-04887339ED65} = {5EAE8417-0DF7-4820-81B5-850DABE5AA99}
		{AD9574EA-9E92-4248-8098-0483DE1575FA} = {80041DBE-47F5-44A8-9D50-093C0A7CB7BD}
		{5B8835EA-7806-448B-B1CD-E8E24E1D5620} = {80041DBE-47F5-44A8-9D50-093C0A7CB7BD}
		{8BE3A750-0ADF-4390-B4A9-F40DC9EB01C7} = {80041DBE-47F5-44A8-9D50-093C0A7CB7BD}
		{A8B3E053-9C6D-480B-B7DC-A3B8C72E1679} = {80041DBE-47F5-44A8-9D50-093C0A7CB7BD}
		{888D4956-F99A-43B3-8F69-D23773CFE844} = {80041DBE-47F5-44A8-9D50-093C0A7CB7BD}
		{3B9BB343-44FE-4988-A393-1CFA8A542672} = {D0495B70-F655-493D-9651-597368474726}
		{B4C64D94-865F-4BFB-A410-3DD59C755AA7} = {80041DBE-47F5-44A8-9D50-093C0A7CB7BD}
		{F858922D-7651-4C4C-A656-41DD44123672} = {80041DBE-47F5-44A8-9D50-093C0A7CB7BD}
		{A0BCF97A-4B80-4FC7-B3F4-0943DA9F535E} = {80041DBE-47F5-44A8-9D50-093C0A7CB7BD}
		{09B35828-DCA8-4A84-9124-4D0B58E373EF} = {80041DBE-47F5-44A8-9D50-093C0A7CB7BD}
		{C6316F2C-1888-486D-805E-CB8A01CA685D} = {80041DBE-47F5-44A8-9D50-093C0A7CB7BD}
		{B4830B5B-D940-41A0-AA45-ED3EBEE4B62E} = {80041DBE-47F5-44A8-9D50-093C0A7CB7BD}
		{68AEC537-907C-4145-9843-A21AA851A9B0} = {80041DBE-47F5-44A8-9D50-093C0A7CB7BD}
		{BE3EF67E-3887-437E-A1DA-BB2E159F4190} = {80041DBE-47F5-44A8-9D50-093C0A7CB7BD}
		{F9066723-199E-4E4A-9DB0-0BEA62CFD34E} = {80041DBE-47F5-44A8-9D50-093C0A7CB7BD}
		{80E23205-642A-4CDA-A019-632C0DD92E78} = {80041DBE-47F5-44A8-9D50-093C0A7CB7BD}
		{A55BD95D-EC70-4B0C-A177-CD58EE6EC49E} = {80041DBE-47F5-44A8-9D50-093C0A7CB7BD}
	EndGlobalSection
	GlobalSection(ExtensibilityGlobals) = postSolution
		SolutionGuid = {B71F2F78-F1CC-4B4D-B2A2-1CF675748EB7}
	EndGlobalSection
EndGlobal
